# THIS IS AN AUTOGENERATED FILE. DO NOT EDIT THIS FILE DIRECTLY.
# yarn lockfile v1


acorn-es7-plugin@^1.0.12:
  version "1.1.7"
  resolved "https://registry.npm.taobao.org/acorn-es7-plugin/download/acorn-es7-plugin-1.1.7.tgz#f2ee1f3228a90eead1245f9ab1922eb2e71d336b"
  integrity sha1-8u4fMiipDurRJF+asZIusucdM2s=

acorn@^5.0.0:
  version "5.7.4"
  resolved "https://registry.nlark.com/acorn/download/acorn-5.7.4.tgz#3e8d8a9947d0599a1796d10225d7432f4a4acf5e"
  integrity sha1-Po2KmUfQWZoXltECJddDL0pKz14=

array-filter@^1.0.0:
  version "1.0.0"
  resolved "https://registry.nlark.com/array-filter/download/array-filter-1.0.0.tgz#baf79e62e6ef4c2a4c0b831232daffec251f9d83"
  integrity sha1-uveeYubvTCpMC4MSMtr/7CUfnYM=

axios-rate-limit@^1.3.0:
  version "1.3.0"
  resolved "https://registry.nlark.com/axios-rate-limit/download/axios-rate-limit-1.3.0.tgz#03241d24c231c47432dab6e8234cfde819253c2e"
  integrity sha1-AyQdJMIxxHQy2rboI0z96BklPC4=

axios@^0.21.3:
  version "0.21.3"
  resolved "https://registry.nlark.com/axios/download/axios-0.21.3.tgz?cache=0&sync_timestamp=1630782409101&other_urls=https%3A%2F%2Fregistry.nlark.com%2Faxios%2Fdownload%2Faxios-0.21.3.tgz#f85d9b747f9b66d59ca463605cedf1844872b82e"
  integrity sha1-+F2bdH+bZtWcpGNgXO3xhEhyuC4=
  dependencies:
    follow-redirects "^1.14.0"

call-signature@0.0.2:
  version "0.0.2"
  resolved "https://registry.npm.taobao.org/call-signature/download/call-signature-0.0.2.tgz#a84abc825a55ef4cb2b028bd74e205a65b9a4996"
  integrity sha1-qEq8glpV70yysCi9dOIFpluaSZY=

commander@^2.9.0:
  version "2.20.3"
  resolved "https://registry.nlark.com/commander/download/commander-2.20.3.tgz?cache=0&sync_timestamp=1627359190297&other_urls=https%3A%2F%2Fregistry.nlark.com%2Fcommander%2Fdownload%2Fcommander-2.20.3.tgz#fd485e84c03eb4881c20722ba48035e8531aeb33"
  integrity sha1-/UhehMA+tIgcIHIrpIA16FMa6zM=

core-js@^2.0.0:
  version "2.6.12"
  resolved "https://registry.nlark.com/core-js/download/core-js-2.6.12.tgz#d9333dfa7b065e347cc5682219d6f690859cc2ec"
  integrity sha1-2TM9+nsGXjR8xWgiGdb2kIWcwuw=

define-properties@^1.1.2:
  version "1.1.3"
  resolved "https://registry.nlark.com/define-properties/download/define-properties-1.1.3.tgz#cf88da6cbee26fe6db7094f61d870cbd84cee9f1"
  integrity sha1-z4jabL7ib+bbcJT2HYcMvYTO6fE=
  dependencies:
    object-keys "^1.0.12"

diff-match-patch@^1.0.0:
  version "1.0.5"
  resolved "https://registry.npm.taobao.org/diff-match-patch/download/diff-match-patch-1.0.5.tgz#abb584d5f10cd1196dfc55aa03701592ae3f7b37"
  integrity sha1-q7WE1fEM0Rlt/FWqA3AVkq4/ezc=

eastasianwidth@^0.2.0:
  version "0.2.0"
  resolved "https://registry.npm.taobao.org/eastasianwidth/download/eastasianwidth-0.2.0.tgz#696ce2ec0aa0e6ea93a397ffcf24aa7840c827cb"
  integrity sha1-aWzi7Aqg5uqTo5f/zySqeEDIJ8s=

empower-core@^1.2.0:
  version "1.2.0"
  resolved "https://registry.npm.taobao.org/empower-core/download/empower-core-1.2.0.tgz#ce3fb2484d5187fa29c23fba8344b0b2fdf5601c"
  integrity sha1-zj+ySE1Rh/opwj+6g0Swsv31YBw=
  dependencies:
    call-signature "0.0.2"
    core-js "^2.0.0"

empower@^1.3.1:
  version "1.3.1"
  resolved "https://registry.npm.taobao.org/empower/download/empower-1.3.1.tgz#768979cbbb36d71d8f5edaab663deacb9dab916c"
  integrity sha1-dol5y7s21x2PXtqrZj3qy52rkWw=
  dependencies:
    core-js "^2.0.0"
    empower-core "^1.2.0"

espurify@^1.6.0:
  version "1.8.1"
  resolved "https://registry.nlark.com/espurify/download/espurify-1.8.1.tgz#5746c6c1ab42d302de10bd1d5bf7f0e8c0515056"
  integrity sha1-V0bGwatC0wLeEL0dW/fw6MBRUFY=
  dependencies:
    core-js "^2.0.0"

estraverse@^4.1.0, estraverse@^4.2.0:
  version "4.3.0"
  resolved "https://registry.nlark.com/estraverse/download/estraverse-4.3.0.tgz#398ad3f3c5a24948be7725e83d11a7de28cdbd1d"
  integrity sha1-OYrT88WiSUi+dyXoPRGn3ijNvR0=

follow-redirects@^1.14.0:
  version "1.14.3"
  resolved "https://registry.nlark.com/follow-redirects/download/follow-redirects-1.14.3.tgz?cache=0&sync_timestamp=1630591684956&other_urls=https%3A%2F%2Fregistry.nlark.com%2Ffollow-redirects%2Fdownload%2Ffollow-redirects-1.14.3.tgz#6ada78118d8d24caee595595accdc0ac6abd022e"
  integrity sha1-atp4EY2NJMruWVWVrM3ArGq9Ai4=

indexof@0.0.1:
  version "0.0.1"
  resolved "https://registry.nlark.com/indexof/download/indexof-0.0.1.tgz#82dc336d232b9062179d05ab3293a66059fd435d"
  integrity sha1-gtwzbSMrkGIXnQWrMpOmYFn9Q10=

lodash@^4.0.0:
  version "4.17.21"
  resolved "https://registry.nlark.com/lodash/download/lodash-4.17.21.tgz?cache=0&sync_timestamp=1624543041613&other_urls=https%3A%2F%2Fregistry.nlark.com%2Flodash%2Fdownload%2Flodash-4.17.21.tgz#679591c564c3bffaae8454cf0b3df370c3d6911c"
  integrity sha1-Z5WRxWTDv/quhFTPCz3zcMPWkRw=

object-assign@^4.0.1:
  version "4.1.1"
  resolved "https://registry.nlark.com/object-assign/download/object-assign-4.1.1.tgz#2109adc7965887cfc05cbbd442cac8bfbb360863"
  integrity sha1-IQmtx5ZYh8/AXLvUQsrIv7s2CGM=

object-keys@^1.0.0, object-keys@^1.0.12:
  version "1.1.1"
  resolved "https://registry.nlark.com/object-keys/download/object-keys-1.1.1.tgz#1c47f272df277f3b1daf061677d9c82e2322c60e"
  integrity sha1-HEfyct8nfzsdrwYWd9nILiMixg4=

power-assert-context-formatter@^1.0.7:
  version "1.2.0"
  resolved "https://registry.npm.taobao.org/power-assert-context-formatter/download/power-assert-context-formatter-1.2.0.tgz#8fbe72692288ec5a7203cdf215c8b838a6061d2a"
  integrity sha1-j75yaSKI7FpyA83yFci4OKYGHSo=
  dependencies:
    core-js "^2.0.0"
    power-assert-context-traversal "^1.2.0"

power-assert-context-reducer-ast@^1.0.7:
  version "1.2.0"
  resolved "https://registry.npm.taobao.org/power-assert-context-reducer-ast/download/power-assert-context-reducer-ast-1.2.0.tgz#c7ca1c9e39a6fb717f7ac5fe9e76e192bf525df3"
  integrity sha1-x8ocnjmm+3F/esX+nnbhkr9SXfM=
  dependencies:
    acorn "^5.0.0"
    acorn-es7-plugin "^1.0.12"
    core-js "^2.0.0"
    espurify "^1.6.0"
    estraverse "^4.2.0"

power-assert-context-traversal@^1.2.0:
  version "1.2.0"
  resolved "https://registry.npm.taobao.org/power-assert-context-traversal/download/power-assert-context-traversal-1.2.0.tgz#f6e71454baf640de5c1c9c270349f5c9ab0b2e94"
  integrity sha1-9ucUVLr2QN5cHJwnA0n1yasLLpQ=
  dependencies:
    core-js "^2.0.0"
    estraverse "^4.1.0"

power-assert-formatter@^1.4.1:
  version "1.4.1"
  resolved "https://registry.npm.taobao.org/power-assert-formatter/download/power-assert-formatter-1.4.1.tgz#5dc125ed50a3dfb1dda26c19347f3bf58ec2884a"
  integrity sha1-XcEl7VCj37HdomwZNH879Y7CiEo=
  dependencies:
    core-js "^2.0.0"
    power-assert-context-formatter "^1.0.7"
    power-assert-context-reducer-ast "^1.0.7"
    power-assert-renderer-assertion "^1.0.7"
    power-assert-renderer-comparison "^1.0.7"
    power-assert-renderer-diagram "^1.0.7"
    power-assert-renderer-file "^1.0.7"

power-assert-renderer-assertion@^1.0.7:
  version "1.2.0"
  resolved "https://registry.nlark.com/power-assert-renderer-assertion/download/power-assert-renderer-assertion-1.2.0.tgz#3db6ffcda106b37bc1e06432ad0d748a682b147a"
  integrity sha1-Pbb/zaEGs3vB4GQyrQ10imgrFHo=
  dependencies:
    power-assert-renderer-base "^1.1.1"
    power-assert-util-string-width "^1.2.0"

power-assert-renderer-base@^1.1.1:
  version "1.1.1"
  resolved "https://registry.nlark.com/power-assert-renderer-base/download/power-assert-renderer-base-1.1.1.tgz#96a650c6fd05ee1bc1f66b54ad61442c8b3f63eb"
  integrity sha1-lqZQxv0F7hvB9mtUrWFELIs/Y+s=

power-assert-renderer-comparison@^1.0.7:
  version "1.2.0"
  resolved "https://registry.npm.taobao.org/power-assert-renderer-comparison/download/power-assert-renderer-comparison-1.2.0.tgz#e4f88113225a69be8aa586ead05aef99462c0495"
  integrity sha1-5PiBEyJaab6KpYbq0FrvmUYsBJU=
  dependencies:
    core-js "^2.0.0"
    diff-match-patch "^1.0.0"
    power-assert-renderer-base "^1.1.1"
    stringifier "^1.3.0"
    type-name "^2.0.1"

power-assert-renderer-diagram@^1.0.7:
  version "1.2.0"
  resolved "https://registry.npm.taobao.org/power-assert-renderer-diagram/download/power-assert-renderer-diagram-1.2.0.tgz#37f66e8542e5677c5b58e6d72b01c0d9a30e2219"
  integrity sha1-N/ZuhULlZ3xbWObXKwHA2aMOIhk=
  dependencies:
    core-js "^2.0.0"
    power-assert-renderer-base "^1.1.1"
    power-assert-util-string-width "^1.2.0"
    stringifier "^1.3.0"

power-assert-renderer-file@^1.0.7:
  version "1.2.0"
  resolved "https://registry.npm.taobao.org/power-assert-renderer-file/download/power-assert-renderer-file-1.2.0.tgz#3f4bebd9e1455d75cf2ac541e7bb515a87d4ce4b"
  integrity sha1-P0vr2eFFXXXPKsVB57tRWofUzks=
  dependencies:
    power-assert-renderer-base "^1.1.1"

power-assert-util-string-width@^1.2.0:
  version "1.2.0"
  resolved "https://registry.npm.taobao.org/power-assert-util-string-width/download/power-assert-util-string-width-1.2.0.tgz#6e06d5e3581bb876c5d377c53109fffa95bd91a0"
  integrity sha1-bgbV41gbuHbF03fFMQn/+pW9kaA=
  dependencies:
    eastasianwidth "^0.2.0"

power-assert@^1.2.0:
  version "1.6.1"
  resolved "https://registry.npm.taobao.org/power-assert/download/power-assert-1.6.1.tgz#b28cbc02ae808afd1431d0cd5093a39ac5a5b1fe"
  integrity sha1-soy8Aq6Aiv0UMdDNUJOjmsWlsf4=
  dependencies:
    define-properties "^1.1.2"
    empower "^1.3.1"
    power-assert-formatter "^1.4.1"
    universal-deep-strict-equal "^1.2.1"
    xtend "^4.0.0"

restructured@^0.0.11:
  version "0.0.11"
  resolved "https://registry.nlark.com/restructured/download/restructured-0.0.11.tgz#f914f6b6f358b8e45d6d8ee268926cf1a783f710"
  integrity sha1-+RT2tvNYuORdbY7iaJJs8aeD9xA=
  dependencies:
    commander "^2.9.0"
    lodash "^4.0.0"
    power-assert "^1.2.0"
    unist-util-map "^1.0.2"

stringifier@^1.3.0:
  version "1.4.0"
  resolved "https://registry.npm.taobao.org/stringifier/download/stringifier-1.4.0.tgz#d704581567f4526265d00ed8ecb354a02c3fec28"
  integrity sha1-1wRYFWf0UmJl0A7Y7LNUoCw/7Cg=
  dependencies:
    core-js "^2.0.0"
    traverse "^0.6.6"
    type-name "^2.0.1"

traverse@^0.6.6:
  version "0.6.6"
  resolved "https://registry.npm.taobao.org/traverse/download/traverse-0.6.6.tgz#cbdf560fd7b9af632502fed40f918c157ea97137"
  integrity sha1-y99WD9e5r2MlAv7UD5GMFX6pcTc=

type-name@^2.0.1:
  version "2.0.2"
  resolved "https://registry.npm.taobao.org/type-name/download/type-name-2.0.2.tgz#efe7d4123d8ac52afff7f40c7e4dec5266008fb4"
  integrity sha1-7+fUEj2KxSr/9/QMfk3sUmYAj7Q=

unist-util-map@^1.0.2:
  version "1.0.5"
  resolved "https://registry.npm.taobao.org/unist-util-map/download/unist-util-map-1.0.5.tgz#701069b72e1d1cc02db265502a5e82b77c2eb8b7"
  integrity sha1-cBBpty4dHMAtsmVQKl6Ct3wuuLc=
  dependencies:
    object-assign "^4.0.1"

universal-deep-strict-equal@^1.2.1:
  version "1.2.2"
  resolved "https://registry.npm.taobao.org/universal-deep-strict-equal/download/universal-deep-strict-equal-1.2.2.tgz#0da4ac2f73cff7924c81fa4de018ca562ca2b0a7"
  integrity sha1-DaSsL3PP95JMgfpN4BjKViyisKc=
  dependencies:
    array-filter "^1.0.0"
    indexof "0.0.1"
    object-keys "^1.0.0"

xtend@^4.0.0:
  version "4.0.2"
  resolved "https://registry.nlark.com/xtend/download/xtend-4.0.2.tgz#bb72779f5fa465186b1f438f674fa347fdb5db54"
  integrity sha1-u3J3n1+kZRhrH0OPZ0+jR/2121Q=
